
Microsoft Visual Studio Solution File, Format Version 12.00
# Visual Studio Version 17
VisualStudioVersion = 17.4.33213.308
MinimumVisualStudioVersion = 10.0.40219.1
Project("{9A19103F-16F7-4668-BE54-9A1E7A4F7556}") = "MigrationEFWpfCore31", "MigrationEFWpfCore31\MigrationEFWpfCore31.csproj", "{B8113F40-8FAF-4B72-A704-CB0D836BD862}"
EndProject
Project("{9A19103F-16F7-4668-BE54-9A1E7A4F7556}") = "MigrationEFWpfCore31.DAL", "MigrationEFWpfCore31.DAL\MigrationEFWpfCore31.DAL.csproj", "{33276C85-3CAE-4A41-8B6E-8EE88372D580}"
EndProject
Project("{2150E333-8FDC-42A3-9474-1A3956D46DE8}") = "100_Projects", "100_Projects", "{09BCB03E-994D-4DBA-BFBC-634D2163EC8C}"
EndProject
Project("{2150E333-8FDC-42A3-9474-1A3956D46DE8}") = "02", "02", "{B85440E2-807C-4DF5-B698-CB774AB7B620}"
EndProject
Project("{2150E333-8FDC-42A3-9474-1A3956D46DE8}") = "01", "01", "{2E38A416-3143-48C5-AF5F-08645F25BA27}"
EndProject
Project("{FAE04EC0-301F-11D3-BF4B-00C04F79EFBC}") = "MigrationEFWpfCore31Test1", "MigrationEFWpfCore31Test1\MigrationEFWpfCore31Test1.csproj", "{BBA5CDCB-5300-4E6F-8026-E5A0DA90F5A2}"
EndProject
Project("{FAE04EC0-301F-11D3-BF4B-00C04F79EFBC}") = "MigrationEFWpfCore31.DALTest1", "MigrationEFWpfCore31.DALTest1\MigrationEFWpfCore31.DALTest1.csproj", "{82C8B756-FD6F-4295-8FD5-7D13D781C0F3}"
EndProject
Global
	GlobalSection(SolutionConfigurationPlatforms) = preSolution
		Debug|Any CPU = Debug|Any CPU
		Release|Any CPU = Release|Any CPU
	EndGlobalSection
	GlobalSection(ProjectConfigurationPlatforms) = postSolution
		{B8113F40-8FAF-4B72-A704-CB0D836BD862}.Debug|Any CPU.ActiveCfg = Debug|Any CPU
		{B8113F40-8FAF-4B72-A704-CB0D836BD862}.Debug|Any CPU.Build.0 = Debug|Any CPU
		{B8113F40-8FAF-4B72-A704-CB0D836BD862}.Release|Any CPU.ActiveCfg = Release|Any CPU
		{B8113F40-8FAF-4B72-A704-CB0D836BD862}.Release|Any CPU.Build.0 = Release|Any CPU
		{33276C85-3CAE-4A41-8B6E-8EE88372D580}.Debug|Any CPU.ActiveCfg = Debug|Any CPU
		{33276C85-3CAE-4A41-8B6E-8EE88372D580}.Debug|Any CPU.Build.0 = Debug|Any CPU
		{33276C85-3CAE-4A41-8B6E-8EE88372D580}.Release|Any CPU.ActiveCfg = Release|Any CPU
		{33276C85-3CAE-4A41-8B6E-8EE88372D580}.Release|Any CPU.Build.0 = Release|Any CPU
		{BBA5CDCB-5300-4E6F-8026-E5A0DA90F5A2}.Debug|Any CPU.ActiveCfg = Debug|Any CPU
		{BBA5CDCB-5300-4E6F-8026-E5A0DA90F5A2}.Debug|Any CPU.Build.0 = Debug|Any CPU
		{BBA5CDCB-5300-4E6F-8026-E5A0DA90F5A2}.Release|Any CPU.ActiveCfg = Release|Any CPU
		{BBA5CDCB-5300-4E6F-8026-E5A0DA90F5A2}.Release|Any CPU.Build.0 = Release|Any CPU
		{82C8B756-FD6F-4295-8FD5-7D13D781C0F3}.Debug|Any CPU.ActiveCfg = Debug|Any CPU
		{82C8B756-FD6F-4295-8FD5-7D13D781C0F3}.Debug|Any CPU.Build.0 = Debug|Any CPU
		{82C8B756-FD6F-4295-8FD5-7D13D781C0F3}.Release|Any CPU.ActiveCfg = Release|Any CPU
		{82C8B756-FD6F-4295-8FD5-7D13D781C0F3}.Release|Any CPU.Build.0 = Release|Any CPU
	EndGlobalSection
	GlobalSection(SolutionProperties) = preSolution
		HideSolutionNode = FALSE
	EndGlobalSection
	GlobalSection(NestedProjects) = preSolution
		{B8113F40-8FAF-4B72-A704-CB0D836BD862} = {2E38A416-3143-48C5-AF5F-08645F25BA27}
		{33276C85-3CAE-4A41-8B6E-8EE88372D580} = {2E38A416-3143-48C5-AF5F-08645F25BA27}
		{B85440E2-807C-4DF5-B698-CB774AB7B620} = {09BCB03E-994D-4DBA-BFBC-634D2163EC8C}
		{2E38A416-3143-48C5-AF5F-08645F25BA27} = {09BCB03E-994D-4DBA-BFBC-634D2163EC8C}
		{BBA5CDCB-5300-4E6F-8026-E5A0DA90F5A2} = {B85440E2-807C-4DF5-B698-CB774AB7B620}
		{82C8B756-FD6F-4295-8FD5-7D13D781C0F3} = {B85440E2-807C-4DF5-B698-CB774AB7B620}
	EndGlobalSection
	GlobalSection(ExtensibilityGlobals) = postSolution
		SolutionGuid = {F2937B4A-98D5-4BAF-835B-277D2A507601}
	EndGlobalSection
EndGlobal
